
Microsoft Visual Studio Solution File, Format Version 12.00
# Visual Studio Version 16
VisualStudioVersion = 16.0.30114.105
MinimumVisualStudioVersion = 10.0.40219.1
Project("{FAE04EC0-301F-11D3-BF4B-00C04F79EFBC}") = "Project.Space.Sloth.Api", "Project.Space.Sloth.Api\Project.Space.Sloth.Api.csproj", "{A9872BA6-FFA6-4536-8298-56246CD440D0}"
EndProject
Project("{FAE04EC0-301F-11D3-BF4B-00C04F79EFBC}") = "Project.Space.Sloth.Domain", "Project.Space.Sloth.Domain\Project.Space.Sloth.Domain.csproj", "{398BB61F-09F1-43F6-85C1-83FAF65CBA52}"
EndProject
Project("{FAE04EC0-301F-11D3-BF4B-00C04F79EFBC}") = "Project.Space.Sloth.Data", "Project.Space.Sloth.Data\Project.Space.Sloth.Data.csproj", "{51C92E95-00E2-46B6-8FD1-B2F9F2580DB8}"
EndProject
Global
	GlobalSection(SolutionConfigurationPlatforms) = preSolution
		Debug|Any CPU = Debug|Any CPU
		Release|Any CPU = Release|Any CPU
	EndGlobalSection
	GlobalSection(SolutionProperties) = preSolution
		HideSolutionNode = FALSE
	EndGlobalSection
	GlobalSection(ProjectConfigurationPlatforms) = postSolution
		{A9872BA6-FFA6-4536-8298-56246CD440D0}.Debug|Any CPU.ActiveCfg = Debug|Any CPU
		{A9872BA6-FFA6-4536-8298-56246CD440D0}.Debug|Any CPU.Build.0 = Debug|Any CPU
		{A9872BA6-FFA6-4536-8298-56246CD440D0}.Release|Any CPU.ActiveCfg = Release|Any CPU
		{A9872BA6-FFA6-4536-8298-56246CD440D0}.Release|Any CPU.Build.0 = Release|Any CPU
		{398BB61F-09F1-43F6-85C1-83FAF65CBA52}.Debug|Any CPU.ActiveCfg = Debug|Any CPU
		{398BB61F-09F1-43F6-85C1-83FAF65CBA52}.Debug|Any CPU.Build.0 = Debug|Any CPU
		{398BB61F-09F1-43F6-85C1-83FAF65CBA52}.Release|Any CPU.ActiveCfg = Release|Any CPU
		{398BB61F-09F1-43F6-85C1-83FAF65CBA52}.Release|Any CPU.Build.0 = Release|Any CPU
		{51C92E95-00E2-46B6-8FD1-B2F9F2580DB8}.Debug|Any CPU.ActiveCfg = Debug|Any CPU
		{51C92E95-00E2-46B6-8FD1-B2F9F2580DB8}.Debug|Any CPU.Build.0 = Debug|Any CPU
		{51C92E95-00E2-46B6-8FD1-B2F9F2580DB8}.Release|Any CPU.ActiveCfg = Release|Any CPU
		{51C92E95-00E2-46B6-8FD1-B2F9F2580DB8}.Release|Any CPU.Build.0 = Release|Any CPU
	EndGlobalSection
EndGlobal
